
Microsoft Visual Studio Solution File, Format Version 12.00
# Visual Studio Version 17
VisualStudioVersion = 17.8.34408.163
MinimumVisualStudioVersion = 10.0.40219.1
Project("{FAE04EC0-301F-11D3-BF4B-00C04F79EFBC}") = "aula002-Frank2", "aula002-Frank2.csproj", "{A1BA3892-801E-48BF-B5F2-0AFF5864AA4E}"
EndProject
Global
	GlobalSection(SolutionConfigurationPlatforms) = preSolution
		Debug|Any CPU = Debug|Any CPU
		Release|Any CPU = Release|Any CPU
	EndGlobalSection
	GlobalSection(ProjectConfigurationPlatforms) = postSolution
		{A1BA3892-801E-48BF-B5F2-0AFF5864AA4E}.Debug|Any CPU.ActiveCfg = Debug|Any CPU
		{A1BA3892-801E-48BF-B5F2-0AFF5864AA4E}.Debug|Any CPU.Build.0 = Debug|Any CPU
		{A1BA3892-801E-48BF-B5F2-0AFF5864AA4E}.Release|Any CPU.ActiveCfg = Release|Any CPU
		{A1BA3892-801E-48BF-B5F2-0AFF5864AA4E}.Release|Any CPU.Build.0 = Release|Any CPU
	EndGlobalSection
	GlobalSection(SolutionProperties) = preSolution
		HideSolutionNode = FALSE
	EndGlobalSection
	GlobalSection(ExtensibilityGlobals) = postSolution
		SolutionGuid = {4AC61A8E-59BF-4129-8FCF-F8617167AD3B}
	EndGlobalSection
EndGlobal
